
Microsoft Visual Studio Solution File, Format Version 12.00
# Visual Studio Version 16
VisualStudioVersion = 16.0.32106.194
MinimumVisualStudioVersion = 10.0.40219.1
Project("{FAE04EC0-301F-11D3-BF4B-00C04F79EFBC}") = "IntroToOOP", "IntroToOOP.csproj", "{EFEA124C-8920-47E8-BFF2-7D42E2265A4E}"
EndProject
Global
	GlobalSection(SolutionConfigurationPlatforms) = preSolution
		Debug|Any CPU = Debug|Any CPU
		Release|Any CPU = Release|Any CPU
	EndGlobalSection
	GlobalSection(ProjectConfigurationPlatforms) = postSolution
		{EFEA124C-8920-47E8-BFF2-7D42E2265A4E}.Debug|Any CPU.ActiveCfg = Debug|Any CPU
		{EFEA124C-8920-47E8-BFF2-7D42E2265A4E}.Debug|Any CPU.Build.0 = Debug|Any CPU
		{EFEA124C-8920-47E8-BFF2-7D42E2265A4E}.Release|Any CPU.ActiveCfg = Release|Any CPU
		{EFEA124C-8920-47E8-BFF2-7D42E2265A4E}.Release|Any CPU.Build.0 = Release|Any CPU
	EndGlobalSection
	GlobalSection(SolutionProperties) = preSolution
		HideSolutionNode = FALSE
	EndGlobalSection
	GlobalSection(ExtensibilityGlobals) = postSolution
		SolutionGuid = {F4D5444D-CCCC-4498-A7D3-00CCECDBA4DA}
	EndGlobalSection
EndGlobal
